
Microsoft Visual Studio Solution File, Format Version 12.00
# Visual Studio Version 16
VisualStudioVersion = 16.0.29728.190
MinimumVisualStudioVersion = 10.0.40219.1
Project("{9A19103F-16F7-4668-BE54-9A1E7A4F7556}") = "Laptop.Entity", "Laptop.Entity\Laptop.Entity.csproj", "{3F5A847A-0A0F-41A2-AD94-6D07B382E6A8}"
EndProject
Project("{9A19103F-16F7-4668-BE54-9A1E7A4F7556}") = "LaptopItems", "LaptopRespository\LaptopItems.csproj", "{F0E86592-D6F6-4428-80EA-F2CC19554ADD}"
EndProject
Project("{FAE04EC0-301F-11D3-BF4B-00C04F79EFBC}") = "LaptopStore", "LaptopStore\LaptopStore.csproj", "{2E168B4D-D6EF-458B-91D7-6B477F0BB597}"
EndProject
Project("{9A19103F-16F7-4668-BE54-9A1E7A4F7556}") = "Account.Entity", "Account.Entity\Account.Entity.csproj", "{9D8913ED-0540-4205-A523-019B50ECDFF9}"
EndProject
Project("{FAE04EC0-301F-11D3-BF4B-00C04F79EFBC}") = "PartialViewInMvc", "PartialViewInMvc\PartialViewInMvc.csproj", "{04132637-59E4-4DC1-B46C-EBD0B442B51D}"
EndProject
Project("{FAE04EC0-301F-11D3-BF4B-00C04F79EFBC}") = "Product.Entity", "Product.Entity\Product.Entity.csproj", "{7149B6E2-E9B7-45A6-A499-58534D9F9BC7}"
EndProject
Project("{FAE04EC0-301F-11D3-BF4B-00C04F79EFBC}") = "ActionSelectorsInMvc", "ActionSelectorsInMvc\ActionSelectorsInMvc.csproj", "{5AD109A1-6ED5-42BE-AFC8-974895F577BE}"
EndProject
Project("{FAE04EC0-301F-11D3-BF4B-00C04F79EFBC}") = "ActionVerbsInMvc", "ActionVerbsInMvc\ActionVerbsInMvc.csproj", "{CCC27C14-DE75-4830-84F7-9DAD12279388}"
EndProject
Global
	GlobalSection(SolutionConfigurationPlatforms) = preSolution
		Debug|Any CPU = Debug|Any CPU
		Release|Any CPU = Release|Any CPU
	EndGlobalSection
	GlobalSection(ProjectConfigurationPlatforms) = postSolution
		{3F5A847A-0A0F-41A2-AD94-6D07B382E6A8}.Debug|Any CPU.ActiveCfg = Debug|Any CPU
		{3F5A847A-0A0F-41A2-AD94-6D07B382E6A8}.Debug|Any CPU.Build.0 = Debug|Any CPU
		{3F5A847A-0A0F-41A2-AD94-6D07B382E6A8}.Release|Any CPU.ActiveCfg = Release|Any CPU
		{3F5A847A-0A0F-41A2-AD94-6D07B382E6A8}.Release|Any CPU.Build.0 = Release|Any CPU
		{F0E86592-D6F6-4428-80EA-F2CC19554ADD}.Debug|Any CPU.ActiveCfg = Debug|Any CPU
		{F0E86592-D6F6-4428-80EA-F2CC19554ADD}.Debug|Any CPU.Build.0 = Debug|Any CPU
		{F0E86592-D6F6-4428-80EA-F2CC19554ADD}.Release|Any CPU.ActiveCfg = Release|Any CPU
		{F0E86592-D6F6-4428-80EA-F2CC19554ADD}.Release|Any CPU.Build.0 = Release|Any CPU
		{2E168B4D-D6EF-458B-91D7-6B477F0BB597}.Debug|Any CPU.ActiveCfg = Debug|Any CPU
		{2E168B4D-D6EF-458B-91D7-6B477F0BB597}.Debug|Any CPU.Build.0 = Debug|Any CPU
		{2E168B4D-D6EF-458B-91D7-6B477F0BB597}.Release|Any CPU.ActiveCfg = Release|Any CPU
		{2E168B4D-D6EF-458B-91D7-6B477F0BB597}.Release|Any CPU.Build.0 = Release|Any CPU
		{9D8913ED-0540-4205-A523-019B50ECDFF9}.Debug|Any CPU.ActiveCfg = Debug|Any CPU
		{9D8913ED-0540-4205-A523-019B50ECDFF9}.Debug|Any CPU.Build.0 = Debug|Any CPU
		{9D8913ED-0540-4205-A523-019B50ECDFF9}.Release|Any CPU.ActiveCfg = Release|Any CPU
		{9D8913ED-0540-4205-A523-019B50ECDFF9}.Release|Any CPU.Build.0 = Release|Any CPU
		{04132637-59E4-4DC1-B46C-EBD0B442B51D}.Debug|Any CPU.ActiveCfg = Debug|Any CPU
		{04132637-59E4-4DC1-B46C-EBD0B442B51D}.Debug|Any CPU.Build.0 = Debug|Any CPU
		{04132637-59E4-4DC1-B46C-EBD0B442B51D}.Release|Any CPU.ActiveCfg = Release|Any CPU
		{04132637-59E4-4DC1-B46C-EBD0B442B51D}.Release|Any CPU.Build.0 = Release|Any CPU
		{7149B6E2-E9B7-45A6-A499-58534D9F9BC7}.Debug|Any CPU.ActiveCfg = Debug|Any CPU
		{7149B6E2-E9B7-45A6-A499-58534D9F9BC7}.Debug|Any CPU.Build.0 = Debug|Any CPU
		{7149B6E2-E9B7-45A6-A499-58534D9F9BC7}.Release|Any CPU.ActiveCfg = Release|Any CPU
		{7149B6E2-E9B7-45A6-A499-58534D9F9BC7}.Release|Any CPU.Build.0 = Release|Any CPU
		{5AD109A1-6ED5-42BE-AFC8-974895F577BE}.Debug|Any CPU.ActiveCfg = Debug|Any CPU
		{5AD109A1-6ED5-42BE-AFC8-974895F577BE}.Debug|Any CPU.Build.0 = Debug|Any CPU
		{5AD109A1-6ED5-42BE-AFC8-974895F577BE}.Release|Any CPU.ActiveCfg = Release|Any CPU
		{5AD109A1-6ED5-42BE-AFC8-974895F577BE}.Release|Any CPU.Build.0 = Release|Any CPU
		{CCC27C14-DE75-4830-84F7-9DAD12279388}.Debug|Any CPU.ActiveCfg = Debug|Any CPU
		{CCC27C14-DE75-4830-84F7-9DAD12279388}.Debug|Any CPU.Build.0 = Debug|Any CPU
		{CCC27C14-DE75-4830-84F7-9DAD12279388}.Release|Any CPU.ActiveCfg = Release|Any CPU
		{CCC27C14-DE75-4830-84F7-9DAD12279388}.Release|Any CPU.Build.0 = Release|Any CPU
	EndGlobalSection
	GlobalSection(SolutionProperties) = preSolution
		HideSolutionNode = FALSE
	EndGlobalSection
	GlobalSection(ExtensibilityGlobals) = postSolution
		SolutionGuid = {C7098601-792D-4E82-8ACA-5F5288614B3A}
	EndGlobalSection
EndGlobal
